{
  "name": "sodium-universal",
  "version": "5.0.1",
  "lockfileVersion": 3,
  "requires": true,
  "packages": {
    "": {
      "name": "sodium-universal",
      "version": "5.0.1",
      "license": "MIT",
      "dependencies": {
        "sodium-native": "^5.0.1"
      },
      "devDependencies": {
        "prettier": "^3.6.2",
        "prettier-config-holepunch": "^1.0.0"
      },
      "peerDependencies": {
        "sodium-javascript": "~0.8.0"
      },
      "peerDependenciesMeta": {
        "sodium-javascript": {
          "optional": true
        }
      }
    },
    "node_modules/bare-addon-resolve": {
      "version": "1.9.4",
      "resolved": "https://registry.npmjs.org/bare-addon-resolve/-/bare-addon-resolve-1.9.4.tgz",
      "integrity": "sha512-unn6Vy/Yke6F99vg/7tcrvM2KUvIhTNniaSqDbam4AWkd4NhvDVSrQiRYVlNzUV2P7SPobkCK7JFVxrJk9btCg==",
      "license": "Apache-2.0",
      "dependencies": {
        "bare-module-resolve": "^1.10.0",
        "bare-semver": "^1.0.0"
      },
      "peerDependencies": {
        "bare-url": "*"
      },
      "peerDependenciesMeta": {
        "bare-url": {
          "optional": true
        }
      }
    },
    "node_modules/bare-module-resolve": {
      "version": "1.11.1",
      "resolved": "https://registry.npmjs.org/bare-module-resolve/-/bare-module-resolve-1.11.1.tgz",
      "integrity": "sha512-DCxeT9i8sTs3vUMA3w321OX/oXtNEu5EjObQOnTmCdNp5RXHBAvAaBDHvAi9ta0q/948QPz+co6SsGi6aQMYRg==",
      "license": "Apache-2.0",
      "dependencies": {
        "bare-semver": "^1.0.0"
      },
      "peerDependencies": {
        "bare-url": "*"
      },
      "peerDependenciesMeta": {
        "bare-url": {
          "optional": true
        }
      }
    },
    "node_modules/bare-os": {
      "version": "3.6.2",
      "resolved": "https://registry.npmjs.org/bare-os/-/bare-os-3.6.2.tgz",
      "integrity": "sha512-T+V1+1srU2qYNBmJCXZkUY5vQ0B4FSlL3QDROnKQYOqeiQR8UbjNHlPa+TIbM4cuidiN9GaTaOZgSEgsvPbh5A==",
      "license": "Apache-2.0",
      "engines": {
        "bare": ">=1.14.0"
      }
    },
    "node_modules/bare-path": {
      "version": "3.0.0",
      "resolved": "https://registry.npmjs.org/bare-path/-/bare-path-3.0.0.tgz",
      "integrity": "sha512-tyfW2cQcB5NN8Saijrhqn0Zh7AnFNsnczRcuWODH0eYAXBsJ5gVxAUuNr7tsHSC6IZ77cA0SitzT+s47kot8Mw==",
      "license": "Apache-2.0",
      "dependencies": {
        "bare-os": "^3.0.1"
      }
    },
    "node_modules/bare-semver": {
      "version": "1.0.1",
      "resolved": "https://registry.npmjs.org/bare-semver/-/bare-semver-1.0.1.tgz",
      "integrity": "sha512-UtggzHLiTrmFOC/ogQ+Hy7VfoKoIwrP1UFcYtTxoCUdLtsIErT8+SWtOC2DH/snT9h+xDrcBEPcwKei1mzemgg==",
      "license": "Apache-2.0"
    },
    "node_modules/bare-url": {
      "version": "2.2.2",
      "resolved": "https://registry.npmjs.org/bare-url/-/bare-url-2.2.2.tgz",
      "integrity": "sha512-g+ueNGKkrjMazDG3elZO1pNs3HY5+mMmOet1jtKyhOaCnkLzitxf26z7hoAEkDNgdNmnc1KIlt/dw6Po6xZMpA==",
      "license": "Apache-2.0",
      "peer": true,
      "dependencies": {
        "bare-path": "^3.0.0"
      }
    },
    "node_modules/prettier": {
      "version": "3.6.2",
      "resolved": "https://registry.npmjs.org/prettier/-/prettier-3.6.2.tgz",
      "integrity": "sha512-I7AIg5boAr5R0FFtJ6rCfD+LFsWHp81dolrFD8S79U9tb8Az2nGrJncnMSnys+bpQJfRUzqs9hnA81OAA3hCuQ==",
      "dev": true,
      "license": "MIT",
      "peer": true,
      "bin": {
        "prettier": "bin/prettier.cjs"
      },
      "engines": {
        "node": ">=14"
      },
      "funding": {
        "url": "https://github.com/prettier/prettier?sponsor=1"
      }
    },
    "node_modules/prettier-config-holepunch": {
      "version": "1.0.0",
      "resolved": "https://registry.npmjs.org/prettier-config-holepunch/-/prettier-config-holepunch-1.0.0.tgz",
      "integrity": "sha512-9WDWlUxFkdWp+m/iSS6HE7xrh21Xb+iqTx1G5e4FRg7nRoaeGb1WMqGDzjOx68gRG9d7wr+XepHZWjFdF4FBPw==",
      "dev": true,
      "license": "Apache-2.0",
      "peerDependencies": {
        "prettier": "^3.6.2"
      }
    },
    "node_modules/require-addon": {
      "version": "1.1.0",
      "resolved": "https://registry.npmjs.org/require-addon/-/require-addon-1.1.0.tgz",
      "integrity": "sha512-KbXAD5q2+v1GJnkzd8zzbOxchTkStSyJZ9QwoCq3QwEXAaIlG3wDYRZGzVD357jmwaGY7hr5VaoEAL0BkF0Kvg==",
      "license": "Apache-2.0",
      "dependencies": {
        "bare-addon-resolve": "^1.3.0",
        "bare-url": "^2.1.0"
      },
      "engines": {
        "bare": ">=1.10.0"
      }
    },
    "node_modules/sodium-native": {
      "version": "5.0.9",
      "resolved": "https://registry.npmjs.org/sodium-native/-/sodium-native-5.0.9.tgz",
      "integrity": "sha512-6fpu3d6zdrRpLhuV3CDIBO5g90KkgaeR+c3xvDDz0ZnDkAlqbbPhFW7zhMJfsskfZ9SuC3SvBbqvxcECkXRyKw==",
      "license": "MIT",
      "dependencies": {
        "require-addon": "^1.1.0",
        "which-runtime": "^1.2.1"
      },
      "engines": {
        "bare": ">=1.16.0"
      }
    },
    "node_modules/which-runtime": {
      "version": "1.3.2",
      "resolved": "https://registry.npmjs.org/which-runtime/-/which-runtime-1.3.2.tgz",
      "integrity": "sha512-5kwCfWml7+b2NO7KrLMhYihjRx0teKkd3yGp1Xk5Vaf2JGdSh+rgVhEALAD9c/59dP+YwJHXoEO7e8QPy7gOkw==",
      "license": "Apache-2.0"
    }
  }
}
